
Microsoft Visual Studio Solution File, Format Version 12.00
# Visual Studio Version 16
VisualStudioVersion = 16.0.31410.357
MinimumVisualStudioVersion = 10.0.40219.1
Project("{9A19103F-16F7-4668-BE54-9A1E7A4F7556}") = "CryptoMonitorGUI.Server", "CryptoMonitorGUI\Server\CryptoMonitorGUI.Server.csproj", "{DFA6DDAD-AC80-41FC-9C73-4B9E09CFEAC9}"
EndProject
Project("{9A19103F-16F7-4668-BE54-9A1E7A4F7556}") = "CryptoMonitorGUI.Client", "CryptoMonitorGUI\Client\CryptoMonitorGUI.Client.csproj", "{A3CC0FF9-B1D2-4DB7-96FC-DEC3B27D20BD}"
EndProject
Project("{9A19103F-16F7-4668-BE54-9A1E7A4F7556}") = "CryptoMonitorGUI.Shared", "CryptoMonitorGUI\Shared\CryptoMonitorGUI.Shared.csproj", "{4A4740F2-B537-41F8-8042-5109BB633F5E}"
EndProject
Project("{9A19103F-16F7-4668-BE54-9A1E7A4F7556}") = "CryptoMonitorJob", "..\CryptoMonitorJob\CryptoMonitorJob.csproj", "{D0E88934-C8D4-417E-8120-943EE915673B}"
EndProject
Global
	GlobalSection(SolutionConfigurationPlatforms) = preSolution
		Debug|Any CPU = Debug|Any CPU
		Release|Any CPU = Release|Any CPU
	EndGlobalSection
	GlobalSection(ProjectConfigurationPlatforms) = postSolution
		{DFA6DDAD-AC80-41FC-9C73-4B9E09CFEAC9}.Debug|Any CPU.ActiveCfg = Debug|Any CPU
		{DFA6DDAD-AC80-41FC-9C73-4B9E09CFEAC9}.Debug|Any CPU.Build.0 = Debug|Any CPU
		{DFA6DDAD-AC80-41FC-9C73-4B9E09CFEAC9}.Release|Any CPU.ActiveCfg = Release|Any CPU
		{DFA6DDAD-AC80-41FC-9C73-4B9E09CFEAC9}.Release|Any CPU.Build.0 = Release|Any CPU
		{A3CC0FF9-B1D2-4DB7-96FC-DEC3B27D20BD}.Debug|Any CPU.ActiveCfg = Debug|Any CPU
		{A3CC0FF9-B1D2-4DB7-96FC-DEC3B27D20BD}.Debug|Any CPU.Build.0 = Debug|Any CPU
		{A3CC0FF9-B1D2-4DB7-96FC-DEC3B27D20BD}.Release|Any CPU.ActiveCfg = Release|Any CPU
		{A3CC0FF9-B1D2-4DB7-96FC-DEC3B27D20BD}.Release|Any CPU.Build.0 = Release|Any CPU
		{4A4740F2-B537-41F8-8042-5109BB633F5E}.Debug|Any CPU.ActiveCfg = Debug|Any CPU
		{4A4740F2-B537-41F8-8042-5109BB633F5E}.Debug|Any CPU.Build.0 = Debug|Any CPU
		{4A4740F2-B537-41F8-8042-5109BB633F5E}.Release|Any CPU.ActiveCfg = Release|Any CPU
		{4A4740F2-B537-41F8-8042-5109BB633F5E}.Release|Any CPU.Build.0 = Release|Any CPU
		{D0E88934-C8D4-417E-8120-943EE915673B}.Debug|Any CPU.ActiveCfg = Debug|Any CPU
		{D0E88934-C8D4-417E-8120-943EE915673B}.Debug|Any CPU.Build.0 = Debug|Any CPU
		{D0E88934-C8D4-417E-8120-943EE915673B}.Release|Any CPU.ActiveCfg = Release|Any CPU
		{D0E88934-C8D4-417E-8120-943EE915673B}.Release|Any CPU.Build.0 = Release|Any CPU
	EndGlobalSection
	GlobalSection(SolutionProperties) = preSolution
		HideSolutionNode = FALSE
	EndGlobalSection
	GlobalSection(ExtensibilityGlobals) = postSolution
		SolutionGuid = {D72DC0FE-3031-4DCA-AF79-748A74AD755D}
	EndGlobalSection
EndGlobal
